
Microsoft Visual Studio Solution File, Format Version 11.00
# Visual Studio 2010
Project("{8BC9CEB8-8B4A-11D0-8D11-00A0C91BC942}") = "libmpq", "libmpq_VS90\libmpq_VS90.vcxproj", "{03AB0F44-628E-4855-99A0-C98A1EB52C50}"
EndProject
Project("{8BC9CEB8-8B4A-11D0-8D11-00A0C91BC942}") = "zlib", "zlib\zlib.vcxproj", "{02E07EDF-F0A5-44F0-AF29-BB6E53069117}"
EndProject
Project("{8BC9CEB8-8B4A-11D0-8D11-00A0C91BC942}") = "bzip2", "bzip2\bzip2.vcxproj", "{B96F612A-C91D-43B3-A4C3-D4294817EC6C}"
EndProject
Project("{8BC9CEB8-8B4A-11D0-8D11-00A0C91BC942}") = "test", "test\test.vcxproj", "{AB5C71B1-8F5C-4624-8C2D-21FE069D4E65}"
EndProject
Global
	GlobalSection(SolutionConfigurationPlatforms) = preSolution
		Debug|Win32 = Debug|Win32
		Release|Win32 = Release|Win32
	EndGlobalSection
	GlobalSection(ProjectConfigurationPlatforms) = postSolution
		{03AB0F44-628E-4855-99A0-C98A1EB52C50}.Debug|Win32.ActiveCfg = Debug|Win32
		{03AB0F44-628E-4855-99A0-C98A1EB52C50}.Debug|Win32.Build.0 = Debug|Win32
		{03AB0F44-628E-4855-99A0-C98A1EB52C50}.Release|Win32.ActiveCfg = Release|Win32
		{03AB0F44-628E-4855-99A0-C98A1EB52C50}.Release|Win32.Build.0 = Release|Win32
		{02E07EDF-F0A5-44F0-AF29-BB6E53069117}.Debug|Win32.ActiveCfg = Debug|Win32
		{02E07EDF-F0A5-44F0-AF29-BB6E53069117}.Debug|Win32.Build.0 = Debug|Win32
		{02E07EDF-F0A5-44F0-AF29-BB6E53069117}.Release|Win32.ActiveCfg = Release|Win32
		{02E07EDF-F0A5-44F0-AF29-BB6E53069117}.Release|Win32.Build.0 = Release|Win32
		{B96F612A-C91D-43B3-A4C3-D4294817EC6C}.Debug|Win32.ActiveCfg = Debug|Win32
		{B96F612A-C91D-43B3-A4C3-D4294817EC6C}.Debug|Win32.Build.0 = Debug|Win32
		{B96F612A-C91D-43B3-A4C3-D4294817EC6C}.Release|Win32.ActiveCfg = Release|Win32
		{B96F612A-C91D-43B3-A4C3-D4294817EC6C}.Release|Win32.Build.0 = Release|Win32
		{AB5C71B1-8F5C-4624-8C2D-21FE069D4E65}.Debug|Win32.ActiveCfg = Debug|Win32
		{AB5C71B1-8F5C-4624-8C2D-21FE069D4E65}.Debug|Win32.Build.0 = Debug|Win32
		{AB5C71B1-8F5C-4624-8C2D-21FE069D4E65}.Release|Win32.ActiveCfg = Release|Win32
		{AB5C71B1-8F5C-4624-8C2D-21FE069D4E65}.Release|Win32.Build.0 = Release|Win32
	EndGlobalSection
	GlobalSection(SolutionProperties) = preSolution
		HideSolutionNode = FALSE
	EndGlobalSection
EndGlobal
